
Microsoft Visual Studio Solution File, Format Version 12.00
# Visual Studio Version 17
VisualStudioVersion = 17.1.32319.34
MinimumVisualStudioVersion = 10.0.40219.1
Project("{2150E333-8FDC-42A3-9474-1A3956D46DE8}") = "A - Creational", "A - Creational", "{00BB965F-2812-48AC-88EF-9910A8CFFA6E}"
EndProject
Project("{2150E333-8FDC-42A3-9474-1A3956D46DE8}") = "01 - Singleton", "01 - Singleton", "{DE69E651-3686-484C-8588-5AB699B2CF01}"
EndProject
Project("{9A19103F-16F7-4668-BE54-9A1E7A4F7556}") = "Singleton", "Singleton\Singleton.csproj", "{C63F566F-0F2C-439C-BA4D-7BB6F9B1DD07}"
EndProject
Project("{2150E333-8FDC-42A3-9474-1A3956D46DE8}") = "02 - Facotry Method", "02 - Facotry Method", "{1069A9E9-0EA6-4B3C-A4A4-8B3B78DA8042}"
EndProject
Project("{9A19103F-16F7-4668-BE54-9A1E7A4F7556}") = "FactoryMethod", "FactoryMethod\FactoryMethod.csproj", "{D0DE790E-9C8B-4115-B3EB-EA4F1809A391}"
EndProject
Project("{2150E333-8FDC-42A3-9474-1A3956D46DE8}") = "03 - Abstract Factory", "03 - Abstract Factory", "{6474E7C4-17F5-46FA-958E-170434F5F9AA}"
EndProject
Project("{9A19103F-16F7-4668-BE54-9A1E7A4F7556}") = "AbstractFactory", "AbstractFactory\AbstractFactory.csproj", "{94AD2228-9194-4D15-B596-348034104EC3}"
EndProject
Project("{2150E333-8FDC-42A3-9474-1A3956D46DE8}") = "04 - Builder", "04 - Builder", "{573B0CDF-9073-4229-9287-06C64DD3716B}"
EndProject
Project("{9A19103F-16F7-4668-BE54-9A1E7A4F7556}") = "Builder", "Builder\Builder.csproj", "{F968053C-5DE9-4F1F-A7D8-EFB2C6F7B5E0}"
EndProject
Project("{2150E333-8FDC-42A3-9474-1A3956D46DE8}") = "05 - Prototype", "05 - Prototype", "{3D87E205-35D1-426A-955E-B9E20D661437}"
EndProject
Project("{9A19103F-16F7-4668-BE54-9A1E7A4F7556}") = "Prototype", "Prototype\Prototype.csproj", "{9EE4EB3C-A2B3-4A8C-9605-B5627B736158}"
EndProject
Project("{2150E333-8FDC-42A3-9474-1A3956D46DE8}") = "B - Structural", "B - Structural", "{7E05E6D9-A578-43FE-88C9-185D2B221325}"
EndProject
Project("{9A19103F-16F7-4668-BE54-9A1E7A4F7556}") = "Adaptor", "Adaptor\Adaptor.csproj", "{A2915D95-B22D-4867-B611-C0A39AF4BE84}"
EndProject
Project("{2150E333-8FDC-42A3-9474-1A3956D46DE8}") = "06 - Adapter", "06 - Adapter", "{39382D42-07F5-45EB-89B7-7757BE67A8EB}"
EndProject
Project("{2150E333-8FDC-42A3-9474-1A3956D46DE8}") = "07 - Bridge", "07 - Bridge", "{F61F645F-25C3-4FC9-953E-2BB8BFE319FA}"
EndProject
Project("{9A19103F-16F7-4668-BE54-9A1E7A4F7556}") = "Bridge", "Bridge\Bridge.csproj", "{C2B300F2-7B5C-4940-967A-1078EBC59866}"
EndProject
Project("{2150E333-8FDC-42A3-9474-1A3956D46DE8}") = "08 - Decorator", "08 - Decorator", "{AC23B81D-BBC0-475B-A038-B5EDF3813465}"
EndProject
Project("{FAE04EC0-301F-11D3-BF4B-00C04F79EFBC}") = "Decorator", "Decorator\Decorator.csproj", "{E2317E5B-0043-4659-8F7F-AD0AA079D86B}"
EndProject
Project("{2150E333-8FDC-42A3-9474-1A3956D46DE8}") = "09 - Composite", "09 - Composite", "{DAE66E05-F3F5-43A2-B765-B9E8B1E1B574}"
EndProject
Project("{FAE04EC0-301F-11D3-BF4B-00C04F79EFBC}") = "Composite", "Composite\Composite.csproj", "{350C57BC-B9A3-469B-8A7E-761016A160A9}"
EndProject
Global
	GlobalSection(SolutionConfigurationPlatforms) = preSolution
		Debug|Any CPU = Debug|Any CPU
		Release|Any CPU = Release|Any CPU
	EndGlobalSection
	GlobalSection(ProjectConfigurationPlatforms) = postSolution
		{C63F566F-0F2C-439C-BA4D-7BB6F9B1DD07}.Debug|Any CPU.ActiveCfg = Debug|Any CPU
		{C63F566F-0F2C-439C-BA4D-7BB6F9B1DD07}.Debug|Any CPU.Build.0 = Debug|Any CPU
		{C63F566F-0F2C-439C-BA4D-7BB6F9B1DD07}.Release|Any CPU.ActiveCfg = Release|Any CPU
		{C63F566F-0F2C-439C-BA4D-7BB6F9B1DD07}.Release|Any CPU.Build.0 = Release|Any CPU
		{D0DE790E-9C8B-4115-B3EB-EA4F1809A391}.Debug|Any CPU.ActiveCfg = Debug|Any CPU
		{D0DE790E-9C8B-4115-B3EB-EA4F1809A391}.Debug|Any CPU.Build.0 = Debug|Any CPU
		{D0DE790E-9C8B-4115-B3EB-EA4F1809A391}.Release|Any CPU.ActiveCfg = Release|Any CPU
		{D0DE790E-9C8B-4115-B3EB-EA4F1809A391}.Release|Any CPU.Build.0 = Release|Any CPU
		{94AD2228-9194-4D15-B596-348034104EC3}.Debug|Any CPU.ActiveCfg = Debug|Any CPU
		{94AD2228-9194-4D15-B596-348034104EC3}.Debug|Any CPU.Build.0 = Debug|Any CPU
		{94AD2228-9194-4D15-B596-348034104EC3}.Release|Any CPU.ActiveCfg = Release|Any CPU
		{94AD2228-9194-4D15-B596-348034104EC3}.Release|Any CPU.Build.0 = Release|Any CPU
		{F968053C-5DE9-4F1F-A7D8-EFB2C6F7B5E0}.Debug|Any CPU.ActiveCfg = Debug|Any CPU
		{F968053C-5DE9-4F1F-A7D8-EFB2C6F7B5E0}.Debug|Any CPU.Build.0 = Debug|Any CPU
		{F968053C-5DE9-4F1F-A7D8-EFB2C6F7B5E0}.Release|Any CPU.ActiveCfg = Release|Any CPU
		{F968053C-5DE9-4F1F-A7D8-EFB2C6F7B5E0}.Release|Any CPU.Build.0 = Release|Any CPU
		{9EE4EB3C-A2B3-4A8C-9605-B5627B736158}.Debug|Any CPU.ActiveCfg = Debug|Any CPU
		{9EE4EB3C-A2B3-4A8C-9605-B5627B736158}.Debug|Any CPU.Build.0 = Debug|Any CPU
		{9EE4EB3C-A2B3-4A8C-9605-B5627B736158}.Release|Any CPU.ActiveCfg = Release|Any CPU
		{9EE4EB3C-A2B3-4A8C-9605-B5627B736158}.Release|Any CPU.Build.0 = Release|Any CPU
		{A2915D95-B22D-4867-B611-C0A39AF4BE84}.Debug|Any CPU.ActiveCfg = Debug|Any CPU
		{A2915D95-B22D-4867-B611-C0A39AF4BE84}.Debug|Any CPU.Build.0 = Debug|Any CPU
		{A2915D95-B22D-4867-B611-C0A39AF4BE84}.Release|Any CPU.ActiveCfg = Release|Any CPU
		{A2915D95-B22D-4867-B611-C0A39AF4BE84}.Release|Any CPU.Build.0 = Release|Any CPU
		{C2B300F2-7B5C-4940-967A-1078EBC59866}.Debug|Any CPU.ActiveCfg = Debug|Any CPU
		{C2B300F2-7B5C-4940-967A-1078EBC59866}.Debug|Any CPU.Build.0 = Debug|Any CPU
		{C2B300F2-7B5C-4940-967A-1078EBC59866}.Release|Any CPU.ActiveCfg = Release|Any CPU
		{C2B300F2-7B5C-4940-967A-1078EBC59866}.Release|Any CPU.Build.0 = Release|Any CPU
		{E2317E5B-0043-4659-8F7F-AD0AA079D86B}.Debug|Any CPU.ActiveCfg = Debug|Any CPU
		{E2317E5B-0043-4659-8F7F-AD0AA079D86B}.Debug|Any CPU.Build.0 = Debug|Any CPU
		{E2317E5B-0043-4659-8F7F-AD0AA079D86B}.Release|Any CPU.ActiveCfg = Release|Any CPU
		{E2317E5B-0043-4659-8F7F-AD0AA079D86B}.Release|Any CPU.Build.0 = Release|Any CPU
		{350C57BC-B9A3-469B-8A7E-761016A160A9}.Debug|Any CPU.ActiveCfg = Debug|Any CPU
		{350C57BC-B9A3-469B-8A7E-761016A160A9}.Debug|Any CPU.Build.0 = Debug|Any CPU
		{350C57BC-B9A3-469B-8A7E-761016A160A9}.Release|Any CPU.ActiveCfg = Release|Any CPU
		{350C57BC-B9A3-469B-8A7E-761016A160A9}.Release|Any CPU.Build.0 = Release|Any CPU
	EndGlobalSection
	GlobalSection(SolutionProperties) = preSolution
		HideSolutionNode = FALSE
	EndGlobalSection
	GlobalSection(NestedProjects) = preSolution
		{DE69E651-3686-484C-8588-5AB699B2CF01} = {00BB965F-2812-48AC-88EF-9910A8CFFA6E}
		{C63F566F-0F2C-439C-BA4D-7BB6F9B1DD07} = {DE69E651-3686-484C-8588-5AB699B2CF01}
		{1069A9E9-0EA6-4B3C-A4A4-8B3B78DA8042} = {00BB965F-2812-48AC-88EF-9910A8CFFA6E}
		{D0DE790E-9C8B-4115-B3EB-EA4F1809A391} = {1069A9E9-0EA6-4B3C-A4A4-8B3B78DA8042}
		{6474E7C4-17F5-46FA-958E-170434F5F9AA} = {00BB965F-2812-48AC-88EF-9910A8CFFA6E}
		{94AD2228-9194-4D15-B596-348034104EC3} = {6474E7C4-17F5-46FA-958E-170434F5F9AA}
		{573B0CDF-9073-4229-9287-06C64DD3716B} = {00BB965F-2812-48AC-88EF-9910A8CFFA6E}
		{F968053C-5DE9-4F1F-A7D8-EFB2C6F7B5E0} = {573B0CDF-9073-4229-9287-06C64DD3716B}
		{3D87E205-35D1-426A-955E-B9E20D661437} = {00BB965F-2812-48AC-88EF-9910A8CFFA6E}
		{9EE4EB3C-A2B3-4A8C-9605-B5627B736158} = {3D87E205-35D1-426A-955E-B9E20D661437}
		{A2915D95-B22D-4867-B611-C0A39AF4BE84} = {39382D42-07F5-45EB-89B7-7757BE67A8EB}
		{39382D42-07F5-45EB-89B7-7757BE67A8EB} = {7E05E6D9-A578-43FE-88C9-185D2B221325}
		{F61F645F-25C3-4FC9-953E-2BB8BFE319FA} = {7E05E6D9-A578-43FE-88C9-185D2B221325}
		{C2B300F2-7B5C-4940-967A-1078EBC59866} = {F61F645F-25C3-4FC9-953E-2BB8BFE319FA}
		{AC23B81D-BBC0-475B-A038-B5EDF3813465} = {7E05E6D9-A578-43FE-88C9-185D2B221325}
		{E2317E5B-0043-4659-8F7F-AD0AA079D86B} = {AC23B81D-BBC0-475B-A038-B5EDF3813465}
		{DAE66E05-F3F5-43A2-B765-B9E8B1E1B574} = {7E05E6D9-A578-43FE-88C9-185D2B221325}
		{350C57BC-B9A3-469B-8A7E-761016A160A9} = {DAE66E05-F3F5-43A2-B765-B9E8B1E1B574}
	EndGlobalSection
	GlobalSection(ExtensibilityGlobals) = postSolution
		SolutionGuid = {3E315D03-CE17-4CA4-AE72-9DE5C17A7190}
	EndGlobalSection
EndGlobal
